
Microsoft Visual Studio Solution File, Format Version 12.00
# Visual Studio Version 17
VisualStudioVersion = 17.8.34330.188
MinimumVisualStudioVersion = 10.0.40219.1
Project("{FAE04EC0-301F-11D3-BF4B-00C04F79EFBC}") = "Recipe Sharing Platform", "Recipe Sharing Platform.csproj", "{A60B823A-AC84-48AA-B63E-7107A282185F}"
EndProject
Global
	GlobalSection(SolutionConfigurationPlatforms) = preSolution
		Debug|Any CPU = Debug|Any CPU
		Release|Any CPU = Release|Any CPU
	EndGlobalSection
	GlobalSection(ProjectConfigurationPlatforms) = postSolution
		{A60B823A-AC84-48AA-B63E-7107A282185F}.Debug|Any CPU.ActiveCfg = Debug|Any CPU
		{A60B823A-AC84-48AA-B63E-7107A282185F}.Debug|Any CPU.Build.0 = Debug|Any CPU
		{A60B823A-AC84-48AA-B63E-7107A282185F}.Release|Any CPU.ActiveCfg = Release|Any CPU
		{A60B823A-AC84-48AA-B63E-7107A282185F}.Release|Any CPU.Build.0 = Release|Any CPU
	EndGlobalSection
	GlobalSection(SolutionProperties) = preSolution
		HideSolutionNode = FALSE
	EndGlobalSection
	GlobalSection(ExtensibilityGlobals) = postSolution
		SolutionGuid = {69113FB5-7BDE-4B2D-91E8-99C3F7C8AAA1}
	EndGlobalSection
EndGlobal
